
Microsoft Visual Studio Solution File, Format Version 12.00
# Visual Studio Version 17
VisualStudioVersion = 17.9.34511.98
MinimumVisualStudioVersion = 10.0.40219.1
Project("{9A19103F-16F7-4668-BE54-9A1E7A4F7556}") = "AuthFacil.RazorPages", "AuthFacil.RazorPages\AuthFacil.RazorPages.csproj", "{0188A3D2-DD92-4614-89E1-5AF2873160E3}"
EndProject
Project("{FAE04EC0-301F-11D3-BF4B-00C04F79EFBC}") = "AuthFacil.Mvc", "AuthFacil.Mvc\AuthFacil.Mvc.csproj", "{3809D101-8F7B-4588-97B8-91EA21274938}"
EndProject
Global
	GlobalSection(SolutionConfigurationPlatforms) = preSolution
		Debug|Any CPU = Debug|Any CPU
		Release|Any CPU = Release|Any CPU
	EndGlobalSection
	GlobalSection(ProjectConfigurationPlatforms) = postSolution
		{0188A3D2-DD92-4614-89E1-5AF2873160E3}.Debug|Any CPU.ActiveCfg = Debug|Any CPU
		{0188A3D2-DD92-4614-89E1-5AF2873160E3}.Debug|Any CPU.Build.0 = Debug|Any CPU
		{0188A3D2-DD92-4614-89E1-5AF2873160E3}.Release|Any CPU.ActiveCfg = Release|Any CPU
		{0188A3D2-DD92-4614-89E1-5AF2873160E3}.Release|Any CPU.Build.0 = Release|Any CPU
		{3809D101-8F7B-4588-97B8-91EA21274938}.Debug|Any CPU.ActiveCfg = Debug|Any CPU
		{3809D101-8F7B-4588-97B8-91EA21274938}.Debug|Any CPU.Build.0 = Debug|Any CPU
		{3809D101-8F7B-4588-97B8-91EA21274938}.Release|Any CPU.ActiveCfg = Release|Any CPU
		{3809D101-8F7B-4588-97B8-91EA21274938}.Release|Any CPU.Build.0 = Release|Any CPU
	EndGlobalSection
	GlobalSection(SolutionProperties) = preSolution
		HideSolutionNode = FALSE
	EndGlobalSection
	GlobalSection(ExtensibilityGlobals) = postSolution
		SolutionGuid = {9D50FC4F-AC40-47B0-B156-A84637A542F3}
	EndGlobalSection
EndGlobal
